
Microsoft Visual Studio Solution File, Format Version 12.00
# Visual Studio Version 17
VisualStudioVersion = 17.8.34525.116
MinimumVisualStudioVersion = 10.0.40219.1
Project("{FAE04EC0-301F-11D3-BF4B-00C04F79EFBC}") = "ExercicioVetor", "ExercicioVetor\ExercicioVetor.csproj", "{831CFB95-4DBD-42DF-B8F3-32E29AEF6738}"
EndProject
Global
	GlobalSection(SolutionConfigurationPlatforms) = preSolution
		Debug|Any CPU = Debug|Any CPU
		Release|Any CPU = Release|Any CPU
	EndGlobalSection
	GlobalSection(ProjectConfigurationPlatforms) = postSolution
		{831CFB95-4DBD-42DF-B8F3-32E29AEF6738}.Debug|Any CPU.ActiveCfg = Debug|Any CPU
		{831CFB95-4DBD-42DF-B8F3-32E29AEF6738}.Debug|Any CPU.Build.0 = Debug|Any CPU
		{831CFB95-4DBD-42DF-B8F3-32E29AEF6738}.Release|Any CPU.ActiveCfg = Release|Any CPU
		{831CFB95-4DBD-42DF-B8F3-32E29AEF6738}.Release|Any CPU.Build.0 = Release|Any CPU
	EndGlobalSection
	GlobalSection(SolutionProperties) = preSolution
		HideSolutionNode = FALSE
	EndGlobalSection
	GlobalSection(ExtensibilityGlobals) = postSolution
		SolutionGuid = {2528EAAA-FBC8-4E05-9A62-A298B125ECC5}
	EndGlobalSection
EndGlobal
